<Solution>
  <Folder Name="/src/">
    <Project Path="src/OpenVisionLab.ThreeD.Core/OpenVisionLab.ThreeD.Core.csproj" />
    <Project Path="src/OpenVisionLab.ThreeD.Docking.Controls/OpenVisionLab.ThreeD.Docking.Controls.csproj" />
    <Project Path="src/OpenVisionLab.ThreeD.Shell/OpenVisionLab.ThreeD.Shell.csproj" />
    <Project Path="src/OpenVisionLab.ThreeDStudio/OpenVisionLab.ThreeDStudio.csproj" />
  </Folder>
</Solution>
